
Microsoft Visual Studio Solution File, Format Version 12.00
# Visual Studio Version 17
VisualStudioVersion = 17.4.33213.308
MinimumVisualStudioVersion = 10.0.40219.1
Project("{9A19103F-16F7-4668-BE54-9A1E7A4F7556}") = "Wedcoo-Api", "Wedcoo-Api\Wedcoo-Api.csproj", "{A888E739-C7CC-48D9-A873-5C07F86B2B2A}"
EndProject
Project("{9A19103F-16F7-4668-BE54-9A1E7A4F7556}") = "Core", "Core\Core.csproj", "{F3427F09-A8AB-4C80-9420-FD0E57D49A4D}"
EndProject
Project("{9A19103F-16F7-4668-BE54-9A1E7A4F7556}") = "DataAccess", "DataAccess\DataAccess.csproj", "{BC38B82B-9FC1-463B-B6A2-A5650067B950}"
EndProject
Project("{FAE04EC0-301F-11D3-BF4B-00C04F79EFBC}") = "Common", "Common\Common.csproj", "{1D012CBB-290C-4C3A-876F-9527E7731E19}"
EndProject
Global
	GlobalSection(SolutionConfigurationPlatforms) = preSolution
		Debug|Any CPU = Debug|Any CPU
		Release|Any CPU = Release|Any CPU
	EndGlobalSection
	GlobalSection(ProjectConfigurationPlatforms) = postSolution
		{A888E739-C7CC-48D9-A873-5C07F86B2B2A}.Debug|Any CPU.ActiveCfg = Debug|Any CPU
		{A888E739-C7CC-48D9-A873-5C07F86B2B2A}.Debug|Any CPU.Build.0 = Debug|Any CPU
		{A888E739-C7CC-48D9-A873-5C07F86B2B2A}.Release|Any CPU.ActiveCfg = Release|Any CPU
		{A888E739-C7CC-48D9-A873-5C07F86B2B2A}.Release|Any CPU.Build.0 = Release|Any CPU
		{F3427F09-A8AB-4C80-9420-FD0E57D49A4D}.Debug|Any CPU.ActiveCfg = Debug|Any CPU
		{F3427F09-A8AB-4C80-9420-FD0E57D49A4D}.Debug|Any CPU.Build.0 = Debug|Any CPU
		{F3427F09-A8AB-4C80-9420-FD0E57D49A4D}.Release|Any CPU.ActiveCfg = Release|Any CPU
		{F3427F09-A8AB-4C80-9420-FD0E57D49A4D}.Release|Any CPU.Build.0 = Release|Any CPU
		{BC38B82B-9FC1-463B-B6A2-A5650067B950}.Debug|Any CPU.ActiveCfg = Debug|Any CPU
		{BC38B82B-9FC1-463B-B6A2-A5650067B950}.Debug|Any CPU.Build.0 = Debug|Any CPU
		{BC38B82B-9FC1-463B-B6A2-A5650067B950}.Release|Any CPU.ActiveCfg = Release|Any CPU
		{BC38B82B-9FC1-463B-B6A2-A5650067B950}.Release|Any CPU.Build.0 = Release|Any CPU
		{1D012CBB-290C-4C3A-876F-9527E7731E19}.Debug|Any CPU.ActiveCfg = Debug|Any CPU
		{1D012CBB-290C-4C3A-876F-9527E7731E19}.Debug|Any CPU.Build.0 = Debug|Any CPU
		{1D012CBB-290C-4C3A-876F-9527E7731E19}.Release|Any CPU.ActiveCfg = Release|Any CPU
		{1D012CBB-290C-4C3A-876F-9527E7731E19}.Release|Any CPU.Build.0 = Release|Any CPU
	EndGlobalSection
	GlobalSection(SolutionProperties) = preSolution
		HideSolutionNode = FALSE
	EndGlobalSection
	GlobalSection(ExtensibilityGlobals) = postSolution
		SolutionGuid = {CD9AEE01-AB54-4858-AF7A-5BDA35FA45DE}
	EndGlobalSection
EndGlobal
